
Microsoft Visual Studio Solution File, Format Version 12.00
# Visual Studio 15
VisualStudioVersion = 15.0.27703.2047
MinimumVisualStudioVersion = 10.0.40219.1
Project("{FAE04EC0-301F-11D3-BF4B-00C04F79EFBC}") = "o2jam_converter", "o2jam_converter\o2jam_converter.csproj", "{CBD803BD-28C7-4056-BDCC-5C6D70757904}"
EndProject
Global
	GlobalSection(SolutionConfigurationPlatforms) = preSolution
		Debug|Any CPU = Debug|Any CPU
		Release|Any CPU = Release|Any CPU
	EndGlobalSection
	GlobalSection(ProjectConfigurationPlatforms) = postSolution
		{CBD803BD-28C7-4056-BDCC-5C6D70757904}.Debug|Any CPU.ActiveCfg = Debug|Any CPU
		{CBD803BD-28C7-4056-BDCC-5C6D70757904}.Debug|Any CPU.Build.0 = Debug|Any CPU
		{CBD803BD-28C7-4056-BDCC-5C6D70757904}.Release|Any CPU.ActiveCfg = Release|Any CPU
		{CBD803BD-28C7-4056-BDCC-5C6D70757904}.Release|Any CPU.Build.0 = Release|Any CPU
	EndGlobalSection
	GlobalSection(SolutionProperties) = preSolution
		HideSolutionNode = FALSE
	EndGlobalSection
	GlobalSection(ExtensibilityGlobals) = postSolution
		SolutionGuid = {10B00D7C-B63C-4FB4-B286-48DF1C400A04}
	EndGlobalSection
EndGlobal
